{
  "name": "thirukkural-api",
  "version": "1.0.0",
  "lockfileVersion": 1,
  "requires": true,
  "dependencies": {
    "@firebase/app": {
      "version": "0.6.13",
      "resolved": "https://registry.npmjs.org/@firebase/app/-/app-0.6.13.tgz",
      "integrity": "sha512-xGrJETzvCb89VYbGSHFHCW7O/y067HRxT7MGehUE1xMxdPVBDNayHnxEuKwzfGvXAjVmajXBKFlKxaCWpgSjCQ==",
      "requires": {
        "@firebase/app-types": "0.6.1",
        "@firebase/component": "0.1.21",
        "@firebase/logger": "0.2.6",
        "@firebase/util": "0.3.4",
        "dom-storage": "2.1.0",
        "tslib": "^1.11.1",
        "xmlhttprequest": "1.8.0"
      },
      "dependencies": {
        "@firebase/component": {
          "version": "0.1.21",
          "resolved": "https://registry.npmjs.org/@firebase/component/-/component-0.1.21.tgz",
          "integrity": "sha512-kd5sVmCLB95EK81Pj+yDTea8pzN2qo/1yr0ua9yVi6UgMzm6zAeih73iVUkaat96MAHy26yosMufkvd3zC4IKg==",
          "requires": {
            "@firebase/util": "0.3.4",
            "tslib": "^1.11.1"
          }
        },
        "@firebase/util": {
          "version": "0.3.4",
          "resolved": "https://registry.npmjs.org/@firebase/util/-/util-0.3.4.tgz",
          "integrity": "sha512-VwjJUE2Vgr2UMfH63ZtIX9Hd7x+6gayi6RUXaTqEYxSbf/JmehLmAEYSuxS/NckfzAXWeGnKclvnXVibDgpjQQ==",
          "requires": {
            "tslib": "^1.11.1"
          }
        }
      }
    },
    "@firebase/app-types": {
      "version": "0.6.1",
      "resolved": "https://registry.npmjs.org/@firebase/app-types/-/app-types-0.6.1.tgz",
      "integrity": "sha512-L/ZnJRAq7F++utfuoTKX4CLBG5YR7tFO3PLzG1/oXXKEezJ0kRL3CMRoueBEmTCzVb/6SIs2Qlaw++uDgi5Xyg=="
    },
    "@firebase/auth-interop-types": {
      "version": "0.1.5",
      "resolved": "https://registry.npmjs.org/@firebase/auth-interop-types/-/auth-interop-types-0.1.5.tgz",
      "integrity": "sha512-88h74TMQ6wXChPA6h9Q3E1Jg6TkTHep2+k63OWg3s0ozyGVMeY+TTOti7PFPzq5RhszQPQOoCi59es4MaRvgCw=="
    },
    "@firebase/component": {
      "version": "0.1.21",
      "resolved": "https://registry.npmjs.org/@firebase/component/-/component-0.1.21.tgz",
      "integrity": "sha512-kd5sVmCLB95EK81Pj+yDTea8pzN2qo/1yr0ua9yVi6UgMzm6zAeih73iVUkaat96MAHy26yosMufkvd3zC4IKg==",
      "requires": {
        "@firebase/util": "0.3.4",
        "tslib": "^1.11.1"
      }
    },
    "@firebase/database": {
      "version": "0.8.1",
      "resolved": "https://registry.npmjs.org/@firebase/database/-/database-0.8.1.tgz",
      "integrity": "sha512-/1HhR4ejpqUaM9Cn3KSeNdQvdlehWIhdfTVWFxS73ZlLYf7ayk9jITwH10H3ZOIm5yNzxF67p/U7Z/0IPhgWaQ==",
      "requires": {
        "@firebase/auth-interop-types": "0.1.5",
        "@firebase/component": "0.1.21",
        "@firebase/database-types": "0.6.1",
        "@firebase/logger": "0.2.6",
        "@firebase/util": "0.3.4",
        "faye-websocket": "0.11.3",
        "tslib": "^1.11.1"
      }
    },
    "@firebase/database-types": {
      "version": "0.6.1",
      "resolved": "https://registry.npmjs.org/@firebase/database-types/-/database-types-0.6.1.tgz",
      "integrity": "sha512-JtL3FUbWG+bM59iYuphfx9WOu2Mzf0OZNaqWiQ7lJR8wBe7bS9rIm9jlBFtksB7xcya1lZSQPA/GAy2jIlMIkA==",
      "requires": {
        "@firebase/app-types": "0.6.1"
      }
    },
    "@firebase/logger": {
      "version": "0.2.6",
      "resolved": "https://registry.npmjs.org/@firebase/logger/-/logger-0.2.6.tgz",
      "integrity": "sha512-KIxcUvW/cRGWlzK9Vd2KB864HlUnCfdTH0taHE0sXW5Xl7+W68suaeau1oKNEqmc3l45azkd4NzXTCWZRZdXrw=="
    },
    "@firebase/util": {
      "version": "0.3.4",
      "resolved": "https://registry.npmjs.org/@firebase/util/-/util-0.3.4.tgz",
      "integrity": "sha512-VwjJUE2Vgr2UMfH63ZtIX9Hd7x+6gayi6RUXaTqEYxSbf/JmehLmAEYSuxS/NckfzAXWeGnKclvnXVibDgpjQQ==",
      "requires": {
        "tslib": "^1.11.1"
      }
    },
    "dom-storage": {
      "version": "2.1.0",
      "resolved": "https://registry.npmjs.org/dom-storage/-/dom-storage-2.1.0.tgz",
      "integrity": "sha512-g6RpyWXzl0RR6OTElHKBl7nwnK87GUyZMYC7JWsB/IA73vpqK2K6LT39x4VepLxlSsWBFrPVLnsSR5Jyty0+2Q=="
    },
    "faye-websocket": {
      "version": "0.11.3",
      "resolved": "https://registry.npmjs.org/faye-websocket/-/faye-websocket-0.11.3.tgz",
      "integrity": "sha512-D2y4bovYpzziGgbHYtGCMjlJM36vAl/y+xUyn1C+FVx8szd1E+86KwVw6XvYSzOP8iMpm1X0I4xJD+QtUb36OA==",
      "requires": {
        "websocket-driver": ">=0.5.1"
      }
    },
    "http-parser-js": {
      "version": "0.5.2",
      "resolved": "https://registry.npmjs.org/http-parser-js/-/http-parser-js-0.5.2.tgz",
      "integrity": "sha512-opCO9ASqg5Wy2FNo7A0sxy71yGbbkJJXLdgMK04Tcypw9jr2MgWbyubb0+WdmDmGnFflO7fRbqbaihh/ENDlRQ=="
    },
    "safe-buffer": {
      "version": "5.2.1",
      "resolved": "https://registry.npmjs.org/safe-buffer/-/safe-buffer-5.2.1.tgz",
      "integrity": "sha512-rp3So07KcdmmKbGvgaNxQSJr7bGVSVk5S9Eq1F+ppbRo70+YeaDxkw5Dd8NPN+GD6bjnYm2VuPuCXmpuYvmCXQ=="
    },
    "tslib": {
      "version": "1.14.1",
      "resolved": "https://registry.npmjs.org/tslib/-/tslib-1.14.1.tgz",
      "integrity": "sha512-Xni35NKzjgMrwevysHTCArtLDpPvye8zV/0E4EyYn43P7/7qvQwPh9BGkHewbMulVntbigmcT7rdX3BNo9wRJg=="
    },
    "websocket-driver": {
      "version": "0.7.4",
      "resolved": "https://registry.npmjs.org/websocket-driver/-/websocket-driver-0.7.4.tgz",
      "integrity": "sha512-b17KeDIQVjvb0ssuSDF2cYXSg2iztliJ4B9WdsuB6J952qCPKmnVq4DyW5motImXHDC1cBT/1UezrJVsKw5zjg==",
      "requires": {
        "http-parser-js": ">=0.5.1",
        "safe-buffer": ">=5.1.0",
        "websocket-extensions": ">=0.1.1"
      }
    },
    "websocket-extensions": {
      "version": "0.1.4",
      "resolved": "https://registry.npmjs.org/websocket-extensions/-/websocket-extensions-0.1.4.tgz",
      "integrity": "sha512-OqedPIGOfsDlo31UNwYbCFMSaO9m9G/0faIHj5/dZFDMFqPTcx6UwqyOy3COEaEOg/9VsGIpdqn62W5KhoKSpg=="
    },
    "xmlhttprequest": {
      "version": "1.8.0",
      "resolved": "https://registry.npmjs.org/xmlhttprequest/-/xmlhttprequest-1.8.0.tgz",
      "integrity": "sha1-Z/4HXFwk/vOfnWX197f+dRcZaPw="
    }
  }
}
